
Microsoft Visual Studio Solution File, Format Version 12.00
Project("{FAE04EC0-301F-11D3-BF4B-00C04F79EFBC}") = "Liszt", "Liszt\Liszt.csproj", "{054BAD37-BB05-4A88-A4B7-56EA5212C773}"
EndProject
Global
	GlobalSection(SolutionConfigurationPlatforms) = preSolution
		Debug|Any CPU = Debug|Any CPU
		Release|Any CPU = Release|Any CPU
	EndGlobalSection
	GlobalSection(ProjectConfigurationPlatforms) = postSolution
		{054BAD37-BB05-4A88-A4B7-56EA5212C773}.Debug|Any CPU.ActiveCfg = Debug|Any CPU
		{054BAD37-BB05-4A88-A4B7-56EA5212C773}.Debug|Any CPU.Build.0 = Debug|Any CPU
		{054BAD37-BB05-4A88-A4B7-56EA5212C773}.Release|Any CPU.ActiveCfg = Release|Any CPU
		{054BAD37-BB05-4A88-A4B7-56EA5212C773}.Release|Any CPU.Build.0 = Release|Any CPU
	EndGlobalSection
EndGlobal
